
Microsoft Visual Studio Solution File, Format Version 12.00
# Visual Studio Version 17
VisualStudioVersion = 17.3.32819.101
MinimumVisualStudioVersion = 10.0.40219.1
Project("{FAE04EC0-301F-11D3-BF4B-00C04F79EFBC}") = "EmployeePayroll", "EmployeePayroll\EmployeePayroll.csproj", "{D0275D78-2368-4EF5-BC75-B22776B943C9}"
EndProject
Global
	GlobalSection(SolutionConfigurationPlatforms) = preSolution
		Debug|Any CPU = Debug|Any CPU
		Release|Any CPU = Release|Any CPU
	EndGlobalSection
	GlobalSection(ProjectConfigurationPlatforms) = postSolution
		{D0275D78-2368-4EF5-BC75-B22776B943C9}.Debug|Any CPU.ActiveCfg = Debug|Any CPU
		{D0275D78-2368-4EF5-BC75-B22776B943C9}.Debug|Any CPU.Build.0 = Debug|Any CPU
		{D0275D78-2368-4EF5-BC75-B22776B943C9}.Release|Any CPU.ActiveCfg = Release|Any CPU
		{D0275D78-2368-4EF5-BC75-B22776B943C9}.Release|Any CPU.Build.0 = Release|Any CPU
	EndGlobalSection
	GlobalSection(SolutionProperties) = preSolution
		HideSolutionNode = FALSE
	EndGlobalSection
	GlobalSection(ExtensibilityGlobals) = postSolution
		SolutionGuid = {98EA6B74-3409-4849-873E-2D3AE504812B}
	EndGlobalSection
EndGlobal
